
Microsoft Visual Studio Solution File, Format Version 12.00
# Visual Studio Version 17
VisualStudioVersion = 17.0.31808.319
MinimumVisualStudioVersion = 10.0.40219.1
Project("{FAE04EC0-301F-11D3-BF4B-00C04F79EFBC}") = "lecture_3_task_1", "lecture_3_task_1\lecture_3_task_1.csproj", "{EDDD9208-230B-4DAC-B990-74204E335566}"
EndProject
Global
	GlobalSection(SolutionConfigurationPlatforms) = preSolution
		Debug|Any CPU = Debug|Any CPU
		Release|Any CPU = Release|Any CPU
	EndGlobalSection
	GlobalSection(ProjectConfigurationPlatforms) = postSolution
		{EDDD9208-230B-4DAC-B990-74204E335566}.Debug|Any CPU.ActiveCfg = Debug|Any CPU
		{EDDD9208-230B-4DAC-B990-74204E335566}.Debug|Any CPU.Build.0 = Debug|Any CPU
		{EDDD9208-230B-4DAC-B990-74204E335566}.Release|Any CPU.ActiveCfg = Release|Any CPU
		{EDDD9208-230B-4DAC-B990-74204E335566}.Release|Any CPU.Build.0 = Release|Any CPU
	EndGlobalSection
	GlobalSection(SolutionProperties) = preSolution
		HideSolutionNode = FALSE
	EndGlobalSection
	GlobalSection(ExtensibilityGlobals) = postSolution
		SolutionGuid = {ECC6A8D7-78E8-45B5-BEF3-E52DF719E5C2}
	EndGlobalSection
EndGlobal
